
Microsoft Visual Studio Solution File, Format Version 12.00
# Visual Studio Version 16
VisualStudioVersion = 16.0.31624.102
MinimumVisualStudioVersion = 10.0.40219.1
Project("{8BC9CEB8-8B4A-11D0-8D11-00A0C91BC942}") = "MT Lab2", "MT Lab2\MT Lab2.vcxproj", "{05A4C1F3-FB9F-470C-82B3-98F5C40E8BE0}"
EndProject
Project("{8BC9CEB8-8B4A-11D0-8D11-00A0C91BC942}") = "MyTests", "MyTests\MyTests.vcxproj", "{E84A54E9-B5C2-4AB0-AA6C-01882B792D02}"
EndProject
Global
	GlobalSection(SolutionConfigurationPlatforms) = preSolution
		Debug|x64 = Debug|x64
		Debug|x86 = Debug|x86
		Release|x64 = Release|x64
		Release|x86 = Release|x86
	EndGlobalSection
	GlobalSection(ProjectConfigurationPlatforms) = postSolution
		{05A4C1F3-FB9F-470C-82B3-98F5C40E8BE0}.Debug|x64.ActiveCfg = Debug|x64
		{05A4C1F3-FB9F-470C-82B3-98F5C40E8BE0}.Debug|x64.Build.0 = Debug|x64
		{05A4C1F3-FB9F-470C-82B3-98F5C40E8BE0}.Debug|x86.ActiveCfg = Debug|Win32
		{05A4C1F3-FB9F-470C-82B3-98F5C40E8BE0}.Debug|x86.Build.0 = Debug|Win32
		{05A4C1F3-FB9F-470C-82B3-98F5C40E8BE0}.Release|x64.ActiveCfg = Release|x64
		{05A4C1F3-FB9F-470C-82B3-98F5C40E8BE0}.Release|x64.Build.0 = Release|x64
		{05A4C1F3-FB9F-470C-82B3-98F5C40E8BE0}.Release|x86.ActiveCfg = Release|Win32
		{05A4C1F3-FB9F-470C-82B3-98F5C40E8BE0}.Release|x86.Build.0 = Release|Win32
		{E84A54E9-B5C2-4AB0-AA6C-01882B792D02}.Debug|x64.ActiveCfg = Debug|x64
		{E84A54E9-B5C2-4AB0-AA6C-01882B792D02}.Debug|x64.Build.0 = Debug|x64
		{E84A54E9-B5C2-4AB0-AA6C-01882B792D02}.Debug|x86.ActiveCfg = Debug|Win32
		{E84A54E9-B5C2-4AB0-AA6C-01882B792D02}.Debug|x86.Build.0 = Debug|Win32
		{E84A54E9-B5C2-4AB0-AA6C-01882B792D02}.Release|x64.ActiveCfg = Release|x64
		{E84A54E9-B5C2-4AB0-AA6C-01882B792D02}.Release|x64.Build.0 = Release|x64
		{E84A54E9-B5C2-4AB0-AA6C-01882B792D02}.Release|x86.ActiveCfg = Release|Win32
		{E84A54E9-B5C2-4AB0-AA6C-01882B792D02}.Release|x86.Build.0 = Release|Win32
	EndGlobalSection
	GlobalSection(SolutionProperties) = preSolution
		HideSolutionNode = FALSE
	EndGlobalSection
	GlobalSection(ExtensibilityGlobals) = postSolution
		SolutionGuid = {B17BDAED-E88A-403F-92CF-A32144DE62E2}
	EndGlobalSection
EndGlobal
